
Microsoft Visual Studio Solution File, Format Version 12.00
# Visual Studio Version 17
VisualStudioVersion = 17.10.34928.147
MinimumVisualStudioVersion = 10.0.40219.1
Project("{FAE04EC0-301F-11D3-BF4B-00C04F79EFBC}") = "EmprestimoLivros", "EmprestimoLivros\EmprestimoLivros.csproj", "{A6D5C793-8B94-4803-BCC3-03AA7970AD6D}"
EndProject
Global
	GlobalSection(SolutionConfigurationPlatforms) = preSolution
		Debug|Any CPU = Debug|Any CPU
		Release|Any CPU = Release|Any CPU
	EndGlobalSection
	GlobalSection(ProjectConfigurationPlatforms) = postSolution
		{A6D5C793-8B94-4803-BCC3-03AA7970AD6D}.Debug|Any CPU.ActiveCfg = Debug|Any CPU
		{A6D5C793-8B94-4803-BCC3-03AA7970AD6D}.Debug|Any CPU.Build.0 = Debug|Any CPU
		{A6D5C793-8B94-4803-BCC3-03AA7970AD6D}.Release|Any CPU.ActiveCfg = Release|Any CPU
		{A6D5C793-8B94-4803-BCC3-03AA7970AD6D}.Release|Any CPU.Build.0 = Release|Any CPU
	EndGlobalSection
	GlobalSection(SolutionProperties) = preSolution
		HideSolutionNode = FALSE
	EndGlobalSection
	GlobalSection(ExtensibilityGlobals) = postSolution
		SolutionGuid = {6E8A0168-425F-4B68-8618-7261B3D8566A}
	EndGlobalSection
EndGlobal
